
Microsoft Visual Studio Solution File, Format Version 12.00
# Visual Studio Version 16
VisualStudioVersion = 16.0.29503.13
MinimumVisualStudioVersion = 10.0.40219.1
Project("{9A19103F-16F7-4668-BE54-9A1E7A4F7556}") = "Switches", "Switches\Switches.csproj", "{34030966-F978-4BB6-98EC-7314C835589D}"
EndProject
Project("{FAE04EC0-301F-11D3-BF4B-00C04F79EFBC}") = "Switches.Data", "Switches.Data\Switches.Data.csproj", "{A1BCC41B-A114-4228-A9DA-459B558D8E69}"
EndProject
Global
	GlobalSection(SolutionConfigurationPlatforms) = preSolution
		Debug|Any CPU = Debug|Any CPU
		Release|Any CPU = Release|Any CPU
	EndGlobalSection
	GlobalSection(ProjectConfigurationPlatforms) = postSolution
		{34030966-F978-4BB6-98EC-7314C835589D}.Debug|Any CPU.ActiveCfg = Debug|Any CPU
		{34030966-F978-4BB6-98EC-7314C835589D}.Debug|Any CPU.Build.0 = Debug|Any CPU
		{34030966-F978-4BB6-98EC-7314C835589D}.Release|Any CPU.ActiveCfg = Release|Any CPU
		{34030966-F978-4BB6-98EC-7314C835589D}.Release|Any CPU.Build.0 = Release|Any CPU
		{A1BCC41B-A114-4228-A9DA-459B558D8E69}.Debug|Any CPU.ActiveCfg = Debug|Any CPU
		{A1BCC41B-A114-4228-A9DA-459B558D8E69}.Debug|Any CPU.Build.0 = Debug|Any CPU
		{A1BCC41B-A114-4228-A9DA-459B558D8E69}.Release|Any CPU.ActiveCfg = Release|Any CPU
		{A1BCC41B-A114-4228-A9DA-459B558D8E69}.Release|Any CPU.Build.0 = Release|Any CPU
	EndGlobalSection
	GlobalSection(SolutionProperties) = preSolution
		HideSolutionNode = FALSE
	EndGlobalSection
	GlobalSection(ExtensibilityGlobals) = postSolution
		SolutionGuid = {56084B6F-35DE-4E6D-BFA2-B81BCE171D35}
	EndGlobalSection
EndGlobal
